
Microsoft Visual Studio Solution File, Format Version 12.00
# Visual Studio Version 17
VisualStudioVersion = 17.4.33122.133
MinimumVisualStudioVersion = 10.0.40219.1
Project("{9A19103F-16F7-4668-BE54-9A1E7A4F7556}") = "WikiSound.Server", "WikiSound\Server\WikiSound.Server.csproj", "{3EC9EE6D-419D-4CA4-B1C4-CE41769E2613}"
EndProject
Project("{9A19103F-16F7-4668-BE54-9A1E7A4F7556}") = "WikiSound.Client", "WikiSound\Client\WikiSound.Client.csproj", "{481CB078-A584-4CA8-B3B9-1367BE074243}"
EndProject
Project("{9A19103F-16F7-4668-BE54-9A1E7A4F7556}") = "WikiSound.Shared", "WikiSound\Shared\WikiSound.Shared.csproj", "{7D5848A4-455B-452B-B663-15EEDB00AFBA}"
EndProject
Global
	GlobalSection(SolutionConfigurationPlatforms) = preSolution
		Debug|Any CPU = Debug|Any CPU
		Release|Any CPU = Release|Any CPU
	EndGlobalSection
	GlobalSection(ProjectConfigurationPlatforms) = postSolution
		{3EC9EE6D-419D-4CA4-B1C4-CE41769E2613}.Debug|Any CPU.ActiveCfg = Debug|Any CPU
		{3EC9EE6D-419D-4CA4-B1C4-CE41769E2613}.Debug|Any CPU.Build.0 = Debug|Any CPU
		{3EC9EE6D-419D-4CA4-B1C4-CE41769E2613}.Release|Any CPU.ActiveCfg = Release|Any CPU
		{3EC9EE6D-419D-4CA4-B1C4-CE41769E2613}.Release|Any CPU.Build.0 = Release|Any CPU
		{481CB078-A584-4CA8-B3B9-1367BE074243}.Debug|Any CPU.ActiveCfg = Debug|Any CPU
		{481CB078-A584-4CA8-B3B9-1367BE074243}.Debug|Any CPU.Build.0 = Debug|Any CPU
		{481CB078-A584-4CA8-B3B9-1367BE074243}.Release|Any CPU.ActiveCfg = Release|Any CPU
		{481CB078-A584-4CA8-B3B9-1367BE074243}.Release|Any CPU.Build.0 = Release|Any CPU
		{7D5848A4-455B-452B-B663-15EEDB00AFBA}.Debug|Any CPU.ActiveCfg = Debug|Any CPU
		{7D5848A4-455B-452B-B663-15EEDB00AFBA}.Debug|Any CPU.Build.0 = Debug|Any CPU
		{7D5848A4-455B-452B-B663-15EEDB00AFBA}.Release|Any CPU.ActiveCfg = Release|Any CPU
		{7D5848A4-455B-452B-B663-15EEDB00AFBA}.Release|Any CPU.Build.0 = Release|Any CPU
	EndGlobalSection
	GlobalSection(SolutionProperties) = preSolution
		HideSolutionNode = FALSE
	EndGlobalSection
	GlobalSection(ExtensibilityGlobals) = postSolution
		SolutionGuid = {795A062E-4C36-4F67-8959-9DF832BC5EDD}
	EndGlobalSection
EndGlobal
